
Microsoft Visual Studio Solution File, Format Version 12.00
# Visual Studio Version 17
VisualStudioVersion = 17.6.33815.320
MinimumVisualStudioVersion = 10.0.40219.1
Project("{9A19103F-16F7-4668-BE54-9A1E7A4F7556}") = "EntityLayer", "EntityLayer\EntityLayer.csproj", "{BF04E7DD-CA2A-47E8-B2CC-BC83F34CC945}"
EndProject
Project("{9A19103F-16F7-4668-BE54-9A1E7A4F7556}") = "BusinessLayer", "BusinessLayer\BusinessLayer.csproj", "{296632BB-0088-42A9-9E8B-00451027E223}"
EndProject
Project("{9A19103F-16F7-4668-BE54-9A1E7A4F7556}") = "DataAccessLayer", "DataAccessLayer\DataAccessLayer.csproj", "{1564EB1F-E658-4387-A58F-DB80DEE046E9}"
EndProject
Project("{9A19103F-16F7-4668-BE54-9A1E7A4F7556}") = "Estate.UI", "Estate.UI\Estate.UI.csproj", "{A27A5487-AECC-41B7-BC3B-9359F65B411F}"
EndProject
Project("{FAE04EC0-301F-11D3-BF4B-00C04F79EFBC}") = "Estate.WebApi", "Estate.WebApi\Estate.WebApi.csproj", "{13D1F5A7-8DE1-4586-81D6-3CEBFCF4FB85}"
EndProject
Global
	GlobalSection(SolutionConfigurationPlatforms) = preSolution
		Debug|Any CPU = Debug|Any CPU
		Release|Any CPU = Release|Any CPU
	EndGlobalSection
	GlobalSection(ProjectConfigurationPlatforms) = postSolution
		{BF04E7DD-CA2A-47E8-B2CC-BC83F34CC945}.Debug|Any CPU.ActiveCfg = Debug|Any CPU
		{BF04E7DD-CA2A-47E8-B2CC-BC83F34CC945}.Debug|Any CPU.Build.0 = Debug|Any CPU
		{BF04E7DD-CA2A-47E8-B2CC-BC83F34CC945}.Release|Any CPU.ActiveCfg = Release|Any CPU
		{BF04E7DD-CA2A-47E8-B2CC-BC83F34CC945}.Release|Any CPU.Build.0 = Release|Any CPU
		{296632BB-0088-42A9-9E8B-00451027E223}.Debug|Any CPU.ActiveCfg = Debug|Any CPU
		{296632BB-0088-42A9-9E8B-00451027E223}.Debug|Any CPU.Build.0 = Debug|Any CPU
		{296632BB-0088-42A9-9E8B-00451027E223}.Release|Any CPU.ActiveCfg = Release|Any CPU
		{296632BB-0088-42A9-9E8B-00451027E223}.Release|Any CPU.Build.0 = Release|Any CPU
		{1564EB1F-E658-4387-A58F-DB80DEE046E9}.Debug|Any CPU.ActiveCfg = Debug|Any CPU
		{1564EB1F-E658-4387-A58F-DB80DEE046E9}.Debug|Any CPU.Build.0 = Debug|Any CPU
		{1564EB1F-E658-4387-A58F-DB80DEE046E9}.Release|Any CPU.ActiveCfg = Release|Any CPU
		{1564EB1F-E658-4387-A58F-DB80DEE046E9}.Release|Any CPU.Build.0 = Release|Any CPU
		{A27A5487-AECC-41B7-BC3B-9359F65B411F}.Debug|Any CPU.ActiveCfg = Debug|Any CPU
		{A27A5487-AECC-41B7-BC3B-9359F65B411F}.Debug|Any CPU.Build.0 = Debug|Any CPU
		{A27A5487-AECC-41B7-BC3B-9359F65B411F}.Release|Any CPU.ActiveCfg = Release|Any CPU
		{A27A5487-AECC-41B7-BC3B-9359F65B411F}.Release|Any CPU.Build.0 = Release|Any CPU
		{13D1F5A7-8DE1-4586-81D6-3CEBFCF4FB85}.Debug|Any CPU.ActiveCfg = Debug|Any CPU
		{13D1F5A7-8DE1-4586-81D6-3CEBFCF4FB85}.Debug|Any CPU.Build.0 = Debug|Any CPU
		{13D1F5A7-8DE1-4586-81D6-3CEBFCF4FB85}.Release|Any CPU.ActiveCfg = Release|Any CPU
		{13D1F5A7-8DE1-4586-81D6-3CEBFCF4FB85}.Release|Any CPU.Build.0 = Release|Any CPU
	EndGlobalSection
	GlobalSection(SolutionProperties) = preSolution
		HideSolutionNode = FALSE
	EndGlobalSection
	GlobalSection(ExtensibilityGlobals) = postSolution
		SolutionGuid = {90121773-639E-4665-AD8C-2182064B7E36}
	EndGlobalSection
EndGlobal
